
Microsoft Visual Studio Solution File, Format Version 12.00
# Visual Studio Version 17
VisualStudioVersion = 17.0.31903.59
MinimumVisualStudioVersion = 10.0.40219.1
Project("{FAE04EC0-301F-11D3-BF4B-00C04F79EFBC}") = "API", "API\API.csproj", "{2E95DB6C-E693-4CC2-B3F6-757A7F3E2994}"
EndProject
Project("{FAE04EC0-301F-11D3-BF4B-00C04F79EFBC}") = "API.UnitTests", "API.UnitTests\API.UnitTests.csproj", "{2A63236A-0E44-48F4-91B8-CE6F0CCEB8F6}"
EndProject
Project("{FAE04EC0-301F-11D3-BF4B-00C04F79EFBC}") = "API.IntegrationTests", "API.IntegrationTests\API.IntegrationTests.csproj", "{90A9C707-1E1B-41E8-9A85-639BC976DA63}"
EndProject
Global
	GlobalSection(SolutionConfigurationPlatforms) = preSolution
		Debug|Any CPU = Debug|Any CPU
		Debug|x64 = Debug|x64
		Debug|x86 = Debug|x86
		Release|Any CPU = Release|Any CPU
		Release|x64 = Release|x64
		Release|x86 = Release|x86
	EndGlobalSection
	GlobalSection(ProjectConfigurationPlatforms) = postSolution
		{2E95DB6C-E693-4CC2-B3F6-757A7F3E2994}.Debug|Any CPU.ActiveCfg = Debug|Any CPU
		{2E95DB6C-E693-4CC2-B3F6-757A7F3E2994}.Debug|Any CPU.Build.0 = Debug|Any CPU
		{2E95DB6C-E693-4CC2-B3F6-757A7F3E2994}.Debug|x64.ActiveCfg = Debug|Any CPU
		{2E95DB6C-E693-4CC2-B3F6-757A7F3E2994}.Debug|x64.Build.0 = Debug|Any CPU
		{2E95DB6C-E693-4CC2-B3F6-757A7F3E2994}.Debug|x86.ActiveCfg = Debug|Any CPU
		{2E95DB6C-E693-4CC2-B3F6-757A7F3E2994}.Debug|x86.Build.0 = Debug|Any CPU
		{2E95DB6C-E693-4CC2-B3F6-757A7F3E2994}.Release|Any CPU.ActiveCfg = Release|Any CPU
		{2E95DB6C-E693-4CC2-B3F6-757A7F3E2994}.Release|Any CPU.Build.0 = Release|Any CPU
		{2E95DB6C-E693-4CC2-B3F6-757A7F3E2994}.Release|x64.ActiveCfg = Release|Any CPU
		{2E95DB6C-E693-4CC2-B3F6-757A7F3E2994}.Release|x64.Build.0 = Release|Any CPU
		{2E95DB6C-E693-4CC2-B3F6-757A7F3E2994}.Release|x86.ActiveCfg = Release|Any CPU
		{2E95DB6C-E693-4CC2-B3F6-757A7F3E2994}.Release|x86.Build.0 = Release|Any CPU
		{2A63236A-0E44-48F4-91B8-CE6F0CCEB8F6}.Debug|Any CPU.ActiveCfg = Debug|Any CPU
		{2A63236A-0E44-48F4-91B8-CE6F0CCEB8F6}.Debug|Any CPU.Build.0 = Debug|Any CPU
		{2A63236A-0E44-48F4-91B8-CE6F0CCEB8F6}.Debug|x64.ActiveCfg = Debug|Any CPU
		{2A63236A-0E44-48F4-91B8-CE6F0CCEB8F6}.Debug|x64.Build.0 = Debug|Any CPU
		{2A63236A-0E44-48F4-91B8-CE6F0CCEB8F6}.Debug|x86.ActiveCfg = Debug|Any CPU
		{2A63236A-0E44-48F4-91B8-CE6F0CCEB8F6}.Debug|x86.Build.0 = Debug|Any CPU
		{2A63236A-0E44-48F4-91B8-CE6F0CCEB8F6}.Release|Any CPU.ActiveCfg = Release|Any CPU
		{2A63236A-0E44-48F4-91B8-CE6F0CCEB8F6}.Release|Any CPU.Build.0 = Release|Any CPU
		{2A63236A-0E44-48F4-91B8-CE6F0CCEB8F6}.Release|x64.ActiveCfg = Release|Any CPU
		{2A63236A-0E44-48F4-91B8-CE6F0CCEB8F6}.Release|x64.Build.0 = Release|Any CPU
		{2A63236A-0E44-48F4-91B8-CE6F0CCEB8F6}.Release|x86.ActiveCfg = Release|Any CPU
		{2A63236A-0E44-48F4-91B8-CE6F0CCEB8F6}.Release|x86.Build.0 = Release|Any CPU
		{90A9C707-1E1B-41E8-9A85-639BC976DA63}.Debug|Any CPU.ActiveCfg = Debug|Any CPU
		{90A9C707-1E1B-41E8-9A85-639BC976DA63}.Debug|Any CPU.Build.0 = Debug|Any CPU
		{90A9C707-1E1B-41E8-9A85-639BC976DA63}.Debug|x64.ActiveCfg = Debug|Any CPU
		{90A9C707-1E1B-41E8-9A85-639BC976DA63}.Debug|x64.Build.0 = Debug|Any CPU
		{90A9C707-1E1B-41E8-9A85-639BC976DA63}.Debug|x86.ActiveCfg = Debug|Any CPU
		{90A9C707-1E1B-41E8-9A85-639BC976DA63}.Debug|x86.Build.0 = Debug|Any CPU
		{90A9C707-1E1B-41E8-9A85-639BC976DA63}.Release|Any CPU.ActiveCfg = Release|Any CPU
		{90A9C707-1E1B-41E8-9A85-639BC976DA63}.Release|Any CPU.Build.0 = Release|Any CPU
		{90A9C707-1E1B-41E8-9A85-639BC976DA63}.Release|x64.ActiveCfg = Release|Any CPU
		{90A9C707-1E1B-41E8-9A85-639BC976DA63}.Release|x64.Build.0 = Release|Any CPU
		{90A9C707-1E1B-41E8-9A85-639BC976DA63}.Release|x86.ActiveCfg = Release|Any CPU
		{90A9C707-1E1B-41E8-9A85-639BC976DA63}.Release|x86.Build.0 = Release|Any CPU
	EndGlobalSection
	GlobalSection(SolutionProperties) = preSolution
		HideSolutionNode = FALSE
	EndGlobalSection
EndGlobal
